
Microsoft Visual Studio Solution File, Format Version 12.00
# Visual Studio Version 17
VisualStudioVersion = 17.1.32328.378
MinimumVisualStudioVersion = 10.0.40219.1
Project("{9A19103F-16F7-4668-BE54-9A1E7A4F7556}") = "FixPolishCharactersInSubtitles", "FixPolishCharactersInSubtitles\FixPolishCharactersInSubtitles.csproj", "{DC314865-2058-4DBD-BF22-F1412CDFC713}"
EndProject
Project("{FAE04EC0-301F-11D3-BF4B-00C04F79EFBC}") = "FixPolishCharactersInSubtitlesTests", "FixPolishCharactersInSubtitlesTests\FixPolishCharactersInSubtitlesTests.csproj", "{34928292-FEA6-4FDD-AD3E-D50B954BF804}"
EndProject
Global
	GlobalSection(SolutionConfigurationPlatforms) = preSolution
		Debug|Any CPU = Debug|Any CPU
		Release|Any CPU = Release|Any CPU
	EndGlobalSection
	GlobalSection(ProjectConfigurationPlatforms) = postSolution
		{DC314865-2058-4DBD-BF22-F1412CDFC713}.Debug|Any CPU.ActiveCfg = Debug|Any CPU
		{DC314865-2058-4DBD-BF22-F1412CDFC713}.Debug|Any CPU.Build.0 = Debug|Any CPU
		{DC314865-2058-4DBD-BF22-F1412CDFC713}.Release|Any CPU.ActiveCfg = Release|Any CPU
		{DC314865-2058-4DBD-BF22-F1412CDFC713}.Release|Any CPU.Build.0 = Release|Any CPU
		{34928292-FEA6-4FDD-AD3E-D50B954BF804}.Debug|Any CPU.ActiveCfg = Debug|Any CPU
		{34928292-FEA6-4FDD-AD3E-D50B954BF804}.Debug|Any CPU.Build.0 = Debug|Any CPU
		{34928292-FEA6-4FDD-AD3E-D50B954BF804}.Release|Any CPU.ActiveCfg = Release|Any CPU
		{34928292-FEA6-4FDD-AD3E-D50B954BF804}.Release|Any CPU.Build.0 = Release|Any CPU
	EndGlobalSection
	GlobalSection(SolutionProperties) = preSolution
		HideSolutionNode = FALSE
	EndGlobalSection
	GlobalSection(ExtensibilityGlobals) = postSolution
		SolutionGuid = {577215AC-F996-4F49-8CBD-09A0E728CA9D}
	EndGlobalSection
EndGlobal
